Microsoft Visual Studio Solution File, Format Version 12.00
# Visual Studio Version 17
VisualStudioVersion = 17.5.2.0
MinimumVisualStudioVersion = 10.0.40219.1
Project("{2150E333-8FDC-42A3-9474-1A3956D46DE8}") = "Back-end", "Back-end", "{B670D836-3F3F-1B65-310F-B37E3F845B14}"
EndProject
Project("{FAE04EC0-301F-11D3-BF4B-00C04F79EFBC}") = "Back-end", "Back-end\Back-end\Back-end.csproj", "{DBB4EBF6-7DD6-DC4B-F973-A07F56A2E573}"
EndProject
Global
	GlobalSection(SolutionConfigurationPlatforms) = preSolution
		Debug|Any CPU = Debug|Any CPU
		Release|Any CPU = Release|Any CPU
	EndGlobalSection
	GlobalSection(ProjectConfigurationPlatforms) = postSolution
		{DBB4EBF6-7DD6-DC4B-F973-A07F56A2E573}.Debug|Any CPU.ActiveCfg = Debug|Any CPU
		{DBB4EBF6-7DD6-DC4B-F973-A07F56A2E573}.Debug|Any CPU.Build.0 = Debug|Any CPU
		{DBB4EBF6-7DD6-DC4B-F973-A07F56A2E573}.Release|Any CPU.ActiveCfg = Release|Any CPU
		{DBB4EBF6-7DD6-DC4B-F973-A07F56A2E573}.Release|Any CPU.Build.0 = Release|Any CPU
	EndGlobalSection
	GlobalSection(SolutionProperties) = preSolution
		HideSolutionNode = FALSE
	EndGlobalSection
	GlobalSection(NestedProjects) = preSolution
		{DBB4EBF6-7DD6-DC4B-F973-A07F56A2E573} = {B670D836-3F3F-1B65-310F-B37E3F845B14}
	EndGlobalSection
	GlobalSection(ExtensibilityGlobals) = postSolution
		SolutionGuid = {180AF2D6-1F38-4D50-983A-E2B5DDFE4C75}
	EndGlobalSection
EndGlobal
